
Microsoft Visual Studio Solution File, Format Version 12.00
# Visual Studio Version 16
VisualStudioVersion = 16.0.29326.143
MinimumVisualStudioVersion = 10.0.40219.1
Project("{9A19103F-16F7-4668-BE54-9A1E7A4F7556}") = "D6Roleplayer.Infrastructure", "d6roleplayer.Infrastructure\D6Roleplayer.Infrastructure.csproj", "{C1A57758-8DAF-42FB-BEA7-E0A2F85734D6}"
EndProject
Project("{9A19103F-16F7-4668-BE54-9A1E7A4F7556}") = "D6Roleplayer.Web", "d6roleplayer.Web\D6Roleplayer.Web.csproj", "{95DD5DC8-6950-4F56-900B-6099735898DD}"
EndProject
Global
	GlobalSection(SolutionConfigurationPlatforms) = preSolution
		Debug|Any CPU = Debug|Any CPU
		Release|Any CPU = Release|Any CPU
	EndGlobalSection
	GlobalSection(ProjectConfigurationPlatforms) = postSolution
		{C1A57758-8DAF-42FB-BEA7-E0A2F85734D6}.Debug|Any CPU.ActiveCfg = Debug|Any CPU
		{C1A57758-8DAF-42FB-BEA7-E0A2F85734D6}.Debug|Any CPU.Build.0 = Debug|Any CPU
		{C1A57758-8DAF-42FB-BEA7-E0A2F85734D6}.Release|Any CPU.ActiveCfg = Release|Any CPU
		{C1A57758-8DAF-42FB-BEA7-E0A2F85734D6}.Release|Any CPU.Build.0 = Release|Any CPU
		{95DD5DC8-6950-4F56-900B-6099735898DD}.Debug|Any CPU.ActiveCfg = Debug|Any CPU
		{95DD5DC8-6950-4F56-900B-6099735898DD}.Debug|Any CPU.Build.0 = Debug|Any CPU
		{95DD5DC8-6950-4F56-900B-6099735898DD}.Release|Any CPU.ActiveCfg = Release|Any CPU
		{95DD5DC8-6950-4F56-900B-6099735898DD}.Release|Any CPU.Build.0 = Release|Any CPU
	EndGlobalSection
	GlobalSection(SolutionProperties) = preSolution
		HideSolutionNode = FALSE
	EndGlobalSection
	GlobalSection(ExtensibilityGlobals) = postSolution
		SolutionGuid = {9174EDEE-B52D-42B9-8AD1-73691DF445A8}
	EndGlobalSection
EndGlobal
